// !$*UTF8*$!
{
	archiveVersion = 1;
	classes = {
	};
	objectVersion = 50;
	objects = {

/* Begin PBXBuildFile section */
		F191C462201A8C9C0054E163 /* AppDelegate.swift in Sources */ = {isa = PBXBuildFile; fileRef = F191C461201A8C9C0054E163 /* AppDelegate.swift */; };
		F191C464201A8C9C0054E163 /* ViewController.swift in Sources */ = {isa = PBXBuildFile; fileRef = F191C463201A8C9C0054E163 /* ViewController.swift */; };
		F191C467201A8C9C0054E163 /* Main.storyboard in Resources */ = {isa = PBXBuildFile; fileRef = F191C465201A8C9C0054E163 /* Main.storyboard */; };
		F191C469201A8C9E0054E163 /* Assets.xcassets in Resources */ = {isa = PBXBuildFile; fileRef = F191C468201A8C9E0054E163 /* Assets.xcassets */; };
		F191C46C201A8C9E0054E163 /* LaunchScreen.storyboard in Resources */ = {isa = PBXBuildFile; fileRef = F191C46A201A8C9E0054E163 /* LaunchScreen.storyboard */; };
		F191C477201A8C9E0054E163 /* Sophia_s_ProjectTests.swift in Sources */ = {isa = PBXBuildFile; fileRef = F191C476201A8C9E0054E163 /* Sophia_s_ProjectTests.swift */; };
		F191C482201A8C9E0054E163 /* Sophia_s_ProjectUITests.swift in Sources */ = {isa = PBXBuildFile; fileRef = F191C481201A8C9E0054E163 /* Sophia_s_ProjectUITests.swift */; };
/* End PBXBuildFile section */

/* Begin PBXContainerItemProxy section */
		F191C473201A8C9E0054E163 /* PBXContainerItemProxy */ = {
			isa = PBXContainerItemProxy;
			containerPortal = F191C456201A8C9C0054E163 /* Project object */;
			proxyType = 1;
			remoteGlobalIDString = F191C45D201A8C9C0054E163;
			remoteInfo = "Sophia's Project";
		};
		F191C47E201A8C9E0054E163 /* PBXContainerItemProxy */ = {
			isa = PBXContainerItemProxy;
			containerPortal = F191C456201A8C9C0054E163 /* Project object */;
			proxyType = 1;
			remoteGlobalIDString = F191C45D201A8C9C0054E163;
			remoteInfo = "Sophia's Project";
		};
/* End PBXContainerItemProxy section */

/* Begin PBXFileReference section */
		F191C45E201A8C9C0054E163 /* Sophia's Project.app */ = {isa = PBXFileReference; explicitFileType = wrapper.application; includeInIndex = 0; path = "Sophia's Project.app"; sourceTree = BUILT_PRODUCTS_DIR; };
		F191C461201A8C9C0054E163 /* AppDelegate.swift */ = {isa = PBXFileReference; lastKnownFileType = sourcecode.swift; path = AppDelegate.swift; sourceTree = "<group>"; };
		F191C463201A8C9C0054E163 /* ViewController.swift */ = {isa = PBXFileReference; lastKnownFileType = sourcecode.swift; path = ViewController.swift; sourceTree = "<group>"; };
		F191C466201A8C9C0054E163 /* Base */ = {isa = PBXFileReference; lastKnownFileType = file.storyboard; name = Base; path = Base.lproj/Main.storyboard; sourceTree = "<group>"; };
		F191C468201A8C9E0054E163 /* Assets.xcassets */ = {isa = PBXFileReference; lastKnownFileType = folder.assetcatalog; path = Assets.xcassets; sourceTree = "<group>"; };
		F191C46B201A8C9E0054E163 /* Base */ = {isa = PBXFileReference; lastKnownFileType = file.storyboard; name = Base; path = Base.lproj/LaunchScreen.storyboard; sourceTree = "<group>"; };
		F191C46D201A8C9E0054E163 /* Info.plist */ = {isa = PBXFileReference; lastKnownFileType = text.plist.xml; path = Info.plist; sourceTree = "<group>"; };
		F191C472201A8C9E0054E163 /* Sophia's ProjectTests.xctest */ = {isa = PBXFileReference; explicitFileType = wrapper.cfbundle; includeInIndex = 0; path = "Sophia's ProjectTests.xctest"; sourceTree = BUILT_PRODUCTS_DIR; };
		F191C476201A8C9E0054E163 /* Sophia_s_ProjectTests.swift */ = {isa = PBXFileReference; lastKnownFileType = sourcecode.swift; path = Sophia_s_ProjectTests.swift; sourceTree = "<group>"; };
		F191C478201A8C9E0054E163 /* Info.plist */ = {isa = PBXFileReference; lastKnownFileType = text.plist.xml; path = Info.plist; sourceTree = "<group>"; };
		F191C47D201A8C9E0054E163 /* Sophia's ProjectUITests.xctest */ = {isa = PBXFileReference; explicitFileType = wrapper.cfbundle; includeInIndex = 0; path = "Sophia's ProjectUITests.xctest"; sourceTree = BUILT_PRODUCTS_DIR; };
		F191C481201A8C9E0054E163 /* Sophia_s_ProjectUITests.swift */ = {isa = PBXFileReference; lastKnownFileType = sourcecode.swift; path = Sophia_s_ProjectUITests.swift; sourceTree = "<group>"; };
		F191C483201A8C9E0054E163 /* Info.plist */ = {isa = PBXFileReference; lastKnownFileType = text.plist.xml; path = Info.plist; sourceTree = "<group>"; };
/* End PBXFileReference section */

/* Begin PBXFrameworksBuildPhase section */
		F191C45B201A8C9C0054E163 /* Frameworks */ = {
			isa = PBXFrameworksBuildPhase;
			buildActionMask = 2147483647;
			files = (
			);
			runOnlyForDeploymentPostprocessing = 0;
		};
		F191C46F201A8C9E0054E163 /* Frameworks */ = {
			isa = PBXFrameworksBuildPhase;
			buildActionMask = 2147483647;
			files = (
			);
			runOnlyForDeploymentPostprocessing = 0;
		};
		F191C47A201A8C9E0054E163 /* Frameworks */ = {
			isa = PBXFrameworksBuildPhase;
			buildActionMask = 2147483647;
			files = (
			);
			runOnlyForDeploymentPostprocessing = 0;
		};
/* End PBXFrameworksBuildPhase section */

/* Begin PBXGroup section */
		F191C455201A8C9C0054E163 = {
			isa = PBXGroup;
			children = (
				F191C460201A8C9C0054E163 /* Sophia's Project */,
				F191C475201A8C9E0054E163 /* Sophia's ProjectTests */,
				F191C480201A8C9E0054E163 /* Sophia's ProjectUITests */,
				F191C45F201A8C9C0054E163 /* Products */,
			);
			sourceTree = "<group>";
		};
		F191C45F201A8C9C0054E163 /* Products */ = {
			isa = PBXGroup;
			children = (
				F191C45E201A8C9C0054E163 /* Sophia's Project.app */,
				F191C472201A8C9E0054E163 /* Sophia's ProjectTests.xctest */,
				F191C47D201A8C9E0054E163 /* Sophia's ProjectUITests.xctest */,
			);
			name = Products;
			sourceTree = "<group>";
		};
		F191C460201A8C9C0054E163 /* Sophia's Project */ = {
			isa = PBXGroup;
			children = (
				F191C461201A8C9C0054E163 /* AppDelegate.swift */,
				F191C463201A8C9C0054E163 /* ViewController.swift */,
				F191C465201A8C9C0054E163 /* Main.storyboard */,
				F191C468201A8C9E0054E163 /* Assets.xcassets */,
				F191C46A201A8C9E0054E163 /* LaunchScreen.storyboard */,
				F191C46D201A8C9E0054E163 /* Info.plist */,
			);
			path = "Sophia's Project";
			sourceTree = "<group>";
		};
		F191C475201A8C9E0054E163 /* Sophia's ProjectTests */ = {
			isa = PBXGroup;
			children = (
				F191C476201A8C9E0054E163 /* Sophia_s_ProjectTests.swift */,
				F191C478201A8C9E0054E163 /* Info.plist */,
			);
			path = "Sophia's ProjectTests";
			sourceTree = "<group>";
		};
		F191C480201A8C9E0054E163 /* Sophia's ProjectUITests */ = {
			isa = PBXGroup;
			children = (
				F191C481201A8C9E0054E163 /* Sophia_s_ProjectUITests.swift */,
				F191C483201A8C9E0054E163 /* Info.plist */,
			);
			path = "Sophia's ProjectUITests";
			sourceTree = "<group>";
		};
/* End PBXGroup section */

/* Begin PBXNativeTarget section */
		F191C45D201A8C9C0054E163 /* Sophia's Project */ = {
			isa = PBXNativeTarget;
			buildConfigurationList = F191C486201A8C9E0054E163 /* Build configuration list for PBXNativeTarget "Sophia's Project" */;
			buildPhases = (
				F191C45A201A8C9C0054E163 /* Sources */,
				F191C45B201A8C9C0054E163 /* Frameworks */,
				F191C45C201A8C9C0054E163 /* Resources */,
			);
			buildRules = (
			);
			dependencies = (
			);
			name = "Sophia's Project";
			productName = "Sophia's Project";
			productReference = F191C45E201A8C9C0054E163 /* Sophia's Project.app */;
			productType = "com.apple.product-type.application";
		};
		F191C471201A8C9E0054E163 /* Sophia's ProjectTests */ = {
			isa = PBXNativeTarget;
			buildConfigurationList = F191C489201A8C9E0054E163 /* Build configuration list for PBXNativeTarget "Sophia's ProjectTests" */;
			buildPhases = (
				F191C46E201A8C9E0054E163 /* Sources */,
				F191C46F201A8C9E0054E163 /* Frameworks */,
				F191C470201A8C9E0054E163 /* Resources */,
			);
			buildRules = (
			);
			dependencies = (
				F191C474201A8C9E0054E163 /* PBXTargetDependency */,
			);
			name = "Sophia's ProjectTests";
			productName = "Sophia's ProjectTests";
			productReference = F191C472201A8C9E0054E163 /* Sophia's ProjectTests.xctest */;
			productType = "com.apple.product-type.bundle.unit-test";
		};
		F191C47C201A8C9E0054E163 /* Sophia's ProjectUITests */ = {
			isa = PBXNativeTarget;
			buildConfigurationList = F191C48C201A8C9E0054E163 /* Build configuration list for PBXNativeTarget "Sophia's ProjectUITests" */;
			buildPhases = (
				F191C479201A8C9E0054E163 /* Sources */,
				F191C47A201A8C9E0054E163 /* Frameworks */,
				F191C47B201A8C9E0054E163 /* Resources */,
			);
			buildRules = (
			);
			dependencies = (
				F191C47F201A8C9E0054E163 /* PBXTargetDependency */,
			);
			name = "Sophia's ProjectUITests";
			productName = "Sophia's ProjectUITests";
			productReference = F191C47D201A8C9E0054E163 /* Sophia's ProjectUITests.xctest */;
			productType = "com.apple.product-type.bundle.ui-testing";
		};
/* End PBXNativeTarget section */

/* Begin PBXProject section */
		F191C456201A8C9C0054E163 /* Project object */ = {
			isa = PBXProject;
			attributes = {
				LastSwiftUpdateCheck = 0930;
				LastUpgradeCheck = 0930;
				ORGANIZATIONNAME = "Sophia Chen";
				TargetAttributes = {
					F191C45D201A8C9C0054E163 = {
						CreatedOnToolsVersion = 9.3;
					};
					F191C471201A8C9E0054E163 = {
						CreatedOnToolsVersion = 9.3;
						TestTargetID = F191C45D201A8C9C0054E163;
					};
					F191C47C201A8C9E0054E163 = {
						CreatedOnToolsVersion = 9.3;
						TestTargetID = F191C45D201A8C9C0054E163;
					};
				};
			};
			buildConfigurationList = F191C459201A8C9C0054E163 /* Build configuration list for PBXProject "Sophia's Project" */;
			compatibilityVersion = "Xcode 9.3";
			developmentRegion = en;
			hasScannedForEncodings = 0;
			knownRegions = (
				en,
				Base,
			);
			mainGroup = F191C455201A8C9C0054E163;
			productRefGroup = F191C45F201A8C9C0054E163 /* Products */;
			projectDirPath = "";
			projectRoot = "";
			targets = (
				F191C45D201A8C9C0054E163 /* Sophia's Project */,
				F191C471201A8C9E0054E163 /* Sophia's ProjectTests */,
				F191C47C201A8C9E0054E163 /* Sophia's ProjectUITests */,
			);
		};
/* End PBXProject section */

/* Begin PBXResourcesBuildPhase section */
		F191C45C201A8C9C0054E163 /* Resources */ = {
			isa = PBXResourcesBuildPhase;
			buildActionMask = 2147483647;
			files = (
				F191C46C201A8C9E0054E163 /* LaunchScreen.storyboard in Resources */,
				F191C469201A8C9E0054E163 /* Assets.xcassets in Resources */,
				F191C467201A8C9C0054E163 /* Main.storyboard in Resources */,
			);
			runOnlyForDeploymentPostprocessing = 0;
		};
		F191C470201A8C9E0054E163 /* Resources */ = {
			isa = PBXResourcesBuildPhase;
			buildActionMask = 2147483647;
			files = (
			);
			runOnlyForDeploymentPostprocessing = 0;
		};
		F191C47B201A8C9E0054E163 /* Resources */ = {
			isa = PBXResourcesBuildPhase;
			buildActionMask = 2147483647;
			files = (
			);
			runOnlyForDeploymentPostprocessing = 0;
		};
/* End PBXResourcesBuildPhase section */

/* Begin PBXSourcesBuildPhase section */
		F191C45A201A8C9C0054E163 /* Sources */ = {
			isa = PBXSourcesBuildPhase;
			buildActionMask = 2147483647;
			files = (
				F191C464201A8C9C0054E163 /* ViewController.swift in Sources */,
				F191C462201A8C9C0054E163 /* AppDelegate.swift in Sources */,
			);
			runOnlyForDeploymentPostprocessing = 0;
		};
		F191C46E201A8C9E0054E163 /* Sources */ = {
			isa = PBXSourcesBuildPhase;
			buildActionMask = 2147483647;
			files = (
				F191C477201A8C9E0054E163 /* Sophia_s_ProjectTests.swift in Sources */,
			);
			runOnlyForDeploymentPostprocessing = 0;
		};
		F191C479201A8C9E0054E163 /* Sources */ = {
			isa = PBXSourcesBuildPhase;
			buildActionMask = 2147483647;
			files = (
				F191C482201A8C9E0054E163 /* Sophia_s_ProjectUITests.swift in Sources */,
			);
			runOnlyForDeploymentPostprocessing = 0;
		};
/* End PBXSourcesBuildPhase section */

/* Begin PBXTargetDependency section */
		F191C474201A8C9E0054E163 /* PBXTargetDependency */ = {
			isa = PBXTargetDependency;
			target = F191C45D201A8C9C0054E163 /* Sophia's Project */;
			targetProxy = F191C473201A8C9E0054E163 /* PBXContainerItemProxy */;
		};
		F191C47F201A8C9E0054E163 /* PBXTargetDependency */ = {
			isa = PBXTargetDependency;
			target = F191C45D201A8C9C0054E163 /* Sophia's Project */;
			targetProxy = F191C47E201A8C9E0054E163 /* PBXContainerItemProxy */;
		};
/* End PBXTargetDependency section */

/* Begin PBXVariantGroup section */
		F191C465201A8C9C0054E163 /* Main.storyboard */ = {
			isa = PBXVariantGroup;
			children = (
				F191C466201A8C9C0054E163 /* Base */,
			);
			name = Main.storyboard;
			sourceTree = "<group>";
		};
		F191C46A201A8C9E0054E163 /* LaunchScreen.storyboard */ = {
			isa = PBXVariantGroup;
			children = (
				F191C46B201A8C9E0054E163 /* Base */,
			);
			name = LaunchScreen.storyboard;
			sourceTree = "<group>";
		};
/* End PBXVariantGroup section */

/* Begin XCBuildConfiguration section */
		F191C484201A8C9E0054E163 /* Debug */ = {
			isa = XCBuildConfiguration;
			buildSettings = {
				ALWAYS_SEARCH_USER_PATHS = NO;
				CLANG_ANALYZER_NONNULL = YES;
				CLANG_ANALYZER_NUMBER_OBJECT_CONVERSION = YES_AGGRESSIVE;
				CLANG_CXX_LANGUAGE_STANDARD = "gnu++14";
				CLANG_CXX_LIBRARY = "libc++";
				CLANG_ENABLE_MODULES = YES;
				CLANG_ENABLE_OBJC_ARC = YES;
				CLANG_ENABLE_OBJC_WEAK = YES;
				CLANG_WARN_BLOCK_CAPTURE_AUTORELEASING = YES;
				CLANG_WARN_BOOL_CONVERSION = YES;
				CLANG_WARN_COMMA = YES;
				CLANG_WARN_CONSTANT_CONVERSION = YES;
				CLANG_WARN_DEPRECATED_OBJC_IMPLEMENTATIONS = YES;
				CLANG_WARN_DIRECT_OBJC_ISA_USAGE = YES_ERROR;
				CLANG_WARN_DOCUMENTATION_COMMENTS = YES;
				CLANG_WARN_EMPTY_BODY = YES;
				CLANG_WARN_ENUM_CONVERSION = YES;
				CLANG_WARN_INFINITE_RECURSION = YES;
				CLANG_WARN_INT_CONVERSION = YES;
				CLANG_WARN_NON_LITERAL_NULL_CONVERSION = YES;
				CLANG_WARN_OBJC_IMPLICIT_RETAIN_SELF = YES;
				CLANG_WARN_OBJC_LITERAL_CONVERSION = YES;
				CLANG_WARN_OBJC_ROOT_CLASS = YES_ERROR;
				CLANG_WARN_RANGE_LOOP_ANALYSIS = YES;
				CLANG_WARN_STRICT_PROTOTYPES = YES;
				CLANG_WARN_SUSPICIOUS_MOVE = YES;
				CLANG_WARN_UNGUARDED_AVAILABILITY = YES_AGGRESSIVE;
				CLANG_WARN_UNREACHABLE_CODE = YES;
				CLANG_WARN__DUPLICATE_METHOD_MATCH = YES;
				CODE_SIGN_IDENTITY = "iPhone Developer";
				COPY_PHASE_STRIP = NO;
				DEBUG_INFORMATION_FORMAT = dwarf;
				ENABLE_STRICT_OBJC_MSGSEND = YES;
				ENABLE_TESTABILITY = YES;
				GCC_C_LANGUAGE_STANDARD = gnu11;
				GCC_DYNAMIC_NO_PIC = NO;
				GCC_NO_COMMON_BLOCKS = YES;
				GCC_OPTIMIZATION_LEVEL = 0;
				GCC_PREPROCESSOR_DEFINITIONS = (
					"DEBUG=1",
					"$(inherited)",
				);
				GCC_WARN_64_TO_32_BIT_CONVERSION = YES;
				GCC_WARN_ABOUT_RETURN_TYPE = YES_ERROR;
				GCC_WARN_UNDECLARED_SELECTOR = YES;
				GCC_WARN_UNINITIALIZED_AUTOS = YES_AGGRESSIVE;
				GCC_WARN_UNUSED_FUNCTION = YES;
				GCC_WARN_UNUSED_VARIABLE = YES;
				IPHONEOS_DEPLOYMENT_TARGET = 11.3;
				MTL_ENABLE_DEBUG_INFO = YES;
				ONLY_ACTIVE_ARCH = YES;
				SDKROOT = iphoneos;
				SWIFT_ACTIVE_COMPILATION_CONDITIONS = DEBUG;
				SWIFT_OPTIMIZATION_LEVEL = "-Onone";
			};
			name = Debug;
		};
		F191C485201A8C9E0054E163 /* Release */ = {
			isa = XCBuildConfiguration;
			buildSettings = {
				ALWAYS_SEARCH_USER_PATHS = NO;
				CLANG_ANALYZER_NONNULL = YES;
				CLANG_ANALYZER_NUMBER_OBJECT_CONVERSION = YES_AGGRESSIVE;
				CLANG_CXX_LANGUAGE_STANDARD = "gnu++14";
				CLANG_CXX_LIBRARY = "libc++";
				CLANG_ENABLE_MODULES = YES;
				CLANG_ENABLE_OBJC_ARC = YES;
				CLANG_ENABLE_OBJC_WEAK = YES;
				CLANG_WARN_BLOCK_CAPTURE_AUTORELEASING = YES;
				CLANG_WARN_BOOL_CONVERSION = YES;
				CLANG_WARN_COMMA = YES;
				CLANG_WARN_CONSTANT_CONVERSION = YES;
				CLANG_WARN_DEPRECATED_OBJC_IMPLEMENTATIONS = YES;
				CLANG_WARN_DIRECT_OBJC_ISA_USAGE = YES_ERROR;
				CLANG_WARN_DOCUMENTATION_COMMENTS = YES;
				CLANG_WARN_EMPTY_BODY = YES;
				CLANG_WARN_ENUM_CONVERSION = YES;
				CLANG_WARN_INFINITE_RECURSION = YES;
				CLANG_WARN_INT_CONVERSION = YES;
				CLANG_WARN_NON_LITERAL_NULL_CONVERSION = YES;
				CLANG_WARN_OBJC_IMPLICIT_RETAIN_SELF = YES;
				CLANG_WARN_OBJC_LITERAL_CONVERSION = YES;
				CLANG_WARN_OBJC_ROOT_CLASS = YES_ERROR;
				CLANG_WARN_RANGE_LOOP_ANALYSIS = YES;
				CLANG_WARN_STRICT_PROTOTYPES = YES;
				CLANG_WARN_SUSPICIOUS_MOVE = YES;
				CLANG_WARN_UNGUARDED_AVAILABILITY = YES_AGGRESSIVE;
				CLANG_WARN_UNREACHABLE_CODE = YES;
				CLANG_WARN__DUPLICATE_METHOD_MATCH = YES;
				CODE_SIGN_IDENTITY = "iPhone Developer";
				COPY_PHASE_STRIP = NO;
				DEBUG_INFORMATION_FORMAT = "dwarf-with-dsym";
				ENABLE_NS_ASSERTIONS = NO;
				ENABLE_STRICT_OBJC_MSGSEND = YES;
				GCC_C_LANGUAGE_STANDARD = gnu11;
				GCC_NO_COMMON_BLOCKS = YES;
				GCC_WARN_64_TO_32_BIT_CONVERSION = YES;
				GCC_WARN_ABOUT_RETURN_TYPE = YES_ERROR;
				GCC_WARN_UNDECLARED_SELECTOR = YES;
				GCC_WARN_UNINITIALIZED_AUTOS = YES_AGGRESSIVE;
				GCC_WARN_UNUSED_FUNCTION = YES;
				GCC_WARN_UNUSED_VARIABLE = YES;
				IPHONEOS_DEPLOYMENT_TARGET = 11.3;
				MTL_ENABLE_DEBUG_INFO = NO;
				SDKROOT = iphoneos;
				SWIFT_OPTIMIZATION_LEVEL = "-Owholemodule";
				VALIDATE_PRODUCT = YES;
			};
			name = Release;
		};
		F191C487201A8C9E0054E163 /* Debug */ = {
			isa = XCBuildConfiguration;
			buildSettings = {
				ASSETCATALOG_COMPILER_APPICON_NAME = AppIcon;
				CODE_SIGN_STYLE = Automatic;
				DEVELOPMENT_TEAM = ETC65R5DHH;
				INFOPLIST_FILE = "Sophia's Project/Info.plist";
				LD_RUNPATH_SEARCH_PATHS = (
					"$(inherited)",
					"@executable_path/Frameworks",
				);
				PRODUCT_BUNDLE_IDENTIFIER = "Sophia.Sophia-s-Project";
				PRODUCT_NAME = "$(TARGET_NAME)";
				SWIFT_VERSION = 4.0;
				TARGETED_DEVICE_FAMILY = "1,2";
			};
			name = Debug;
		};
		F191C488201A8C9E0054E163 /* Release */ = {
			isa = XCBuildConfiguration;
			buildSettings = {
				ASSETCATALOG_COMPILER_APPICON_NAME = AppIcon;
				CODE_SIGN_STYLE = Automatic;
				DEVELOPMENT_TEAM = ETC65R5DHH;
				INFOPLIST_FILE = "Sophia's Project/Info.plist";
				LD_RUNPATH_SEARCH_PATHS = (
					"$(inherited)",
					"@executable_path/Frameworks",
				);
				PRODUCT_BUNDLE_IDENTIFIER = "Sophia.Sophia-s-Project";
				PRODUCT_NAME = "$(TARGET_NAME)";
				SWIFT_VERSION = 4.0;
				TARGETED_DEVICE_FAMILY = "1,2";
			};
			name = Release;
		};
		F191C48A201A8C9E0054E163 /* Debug */ = {
			isa = XCBuildConfiguration;
			buildSettings = {
				ALWAYS_EMBED_SWIFT_STANDARD_LIBRARIES = YES;
				BUNDLE_LOADER = "$(TEST_HOST)";
				CODE_SIGN_STYLE = Automatic;
				DEVELOPMENT_TEAM = ETC65R5DHH;
				INFOPLIST_FILE = "Sophia's ProjectTests/Info.plist";
				LD_RUNPATH_SEARCH_PATHS = (
					"$(inherited)",
					"@executable_path/Frameworks",
					"@loader_path/Frameworks",
				);
				PRODUCT_BUNDLE_IDENTIFIER = "Sophia.Sophia-s-ProjectTests";
				PRODUCT_NAME = "$(TARGET_NAME)";
				SWIFT_VERSION = 4.0;
				TARGETED_DEVICE_FAMILY = "1,2";
				TEST_HOST = "$(BUILT_PRODUCTS_DIR)/Sophia's Project.app/Sophia's Project";
			};
			name = Debug;
		};
		F191C48B201A8C9E0054E163 /* Release */ = {
			isa = XCBuildConfiguration;
			buildSettings = {
				ALWAYS_EMBED_SWIFT_STANDARD_LIBRARIES = YES;
				BUNDLE_LOADER = "$(TEST_HOST)";
				CODE_SIGN_STYLE = Automatic;
				DEVELOPMENT_TEAM = ETC65R5DHH;
				INFOPLIST_FILE = "Sophia's ProjectTests/Info.plist";
				LD_RUNPATH_SEARCH_PATHS = (
					"$(inherited)",
					"@executable_path/Frameworks",
					"@loader_path/Frameworks",
				);
				PRODUCT_BUNDLE_IDENTIFIER = "Sophia.Sophia-s-ProjectTests";
				PRODUCT_NAME = "$(TARGET_NAME)";
				SWIFT_VERSION = 4.0;
				TARGETED_DEVICE_FAMILY = "1,2";
				TEST_HOST = "$(BUILT_PRODUCTS_DIR)/Sophia's Project.app/Sophia's Project";
			};
			name = Release;
		};
		F191C48D201A8C9E0054E163 /* Debug */ = {
			isa = XCBuildConfiguration;
			buildSettings = {
				ALWAYS_EMBED_SWIFT_STANDARD_LIBRARIES = YES;
				CODE_SIGN_STYLE = Automatic;
				DEVELOPMENT_TEAM = ETC65R5DHH;
				INFOPLIST_FILE = "Sophia's ProjectUITests/Info.plist";
				LD_RUNPATH_SEARCH_PATHS = (
					"$(inherited)",
					"@executable_path/Frameworks",
					"@loader_path/Frameworks",
				);
				PRODUCT_BUNDLE_IDENTIFIER = "Sophia.Sophia-s-ProjectUITests";
				PRODUCT_NAME = "$(TARGET_NAME)";
				SWIFT_VERSION = 4.0;
				TARGETED_DEVICE_FAMILY = "1,2";
				TEST_TARGET_NAME = "Sophia's Project";
			};
			name = Debug;
		};
		F191C48E201A8C9E0054E163 /* Release */ = {
			isa = XCBuildConfiguration;
			buildSettings = {
				ALWAYS_EMBED_SWIFT_STANDARD_LIBRARIES = YES;
				CODE_SIGN_STYLE = Automatic;
				DEVELOPMENT_TEAM = ETC65R5DHH;
				INFOPLIST_FILE = "Sophia's ProjectUITests/Info.plist";
				LD_RUNPATH_SEARCH_PATHS = (
					"$(inherited)",
					"@executable_path/Frameworks",
					"@loader_path/Frameworks",
				);
				PRODUCT_BUNDLE_IDENTIFIER = "Sophia.Sophia-s-ProjectUITests";
				PRODUCT_NAME = "$(TARGET_NAME)";
				SWIFT_VERSION = 4.0;
				TARGETED_DEVICE_FAMILY = "1,2";
				TEST_TARGET_NAME = "Sophia's Project";
			};
			name = Release;
		};
/* End XCBuildConfiguration section */

/* Begin XCConfigurationList section */
		F191C459201A8C9C0054E163 /* Build configuration list for PBXProject "Sophia's Project" */ = {
			isa = XCConfigurationList;
			buildConfigurations = (
				F191C484201A8C9E0054E163 /* Debug */,
				F191C485201A8C9E0054E163 /* Release */,
			);
			defaultConfigurationIsVisible = 0;
			defaultConfigurationName = Release;
		};
		F191C486201A8C9E0054E163 /* Build configuration list for PBXNativeTarget "Sophia's Project" */ = {
			isa = XCConfigurationList;
			buildConfigurations = (
				F191C487201A8C9E0054E163 /* Debug */,
				F191C488201A8C9E0054E163 /* Release */,
			);
			defaultConfigurationIsVisible = 0;
			defaultConfigurationName = Release;
		};
		F191C489201A8C9E0054E163 /* Build configuration list for PBXNativeTarget "Sophia's ProjectTests" */ = {
			isa = XCConfigurationList;
			buildConfigurations = (
				F191C48A201A8C9E0054E163 /* Debug */,
				F191C48B201A8C9E0054E163 /* Release */,
			);
			defaultConfigurationIsVisible = 0;
			defaultConfigurationName = Release;
		};
		F191C48C201A8C9E0054E163 /* Build configuration list for PBXNativeTarget "Sophia's ProjectUITests" */ = {
			isa = XCConfigurationList;
			buildConfigurations = (
				F191C48D201A8C9E0054E163 /* Debug */,
				F191C48E201A8C9E0054E163 /* Release */,
			);
			defaultConfigurationIsVisible = 0;
			defaultConfigurationName = Release;
		};
/* End XCConfigurationList section */
	};
	rootObject = F191C456201A8C9C0054E163 /* Project object */;
}
